
Microsoft Visual Studio Solution File, Format Version 9.00
# Visual Studio 2005
Project("{8BC9CEB8-8B4A-11D0-8D11-00A0C91BC942}") = "drmaa_testsuite", "drmaa_testsuite.vcproj", "{B0587BAB-BC44-4476-8148-D0E94A377E0D}"
	ProjectSection(ProjectDependencies) = postProject
		{4759BE23-B0AC-4FF6-AE33-7F638761DB5A} = {4759BE23-B0AC-4FF6-AE33-7F638761DB5A}
		{6139D7CB-C56B-409B-BA50-FAB7E5D3810E} = {6139D7CB-C56B-409B-BA50-FAB7E5D3810E}
		{46130EE3-057F-48CB-A3F9-25D8764429D5} = {46130EE3-057F-48CB-A3F9-25D8764429D5}
	EndProjectSection
EndProject
Project("{8BC9CEB8-8B4A-11D0-8D11-00A0C91BC942}") = "test_exit_helper", "exit_helper\test_exit_helper.vcproj", "{46130EE3-057F-48CB-A3F9-25D8764429D5}"
EndProject
Project("{8BC9CEB8-8B4A-11D0-8D11-00A0C91BC942}") = "test_sleep_helper", "sleep_helper\test_sleep_helper.vcproj", "{6139D7CB-C56B-409B-BA50-FAB7E5D3810E}"
EndProject
Project("{8BC9CEB8-8B4A-11D0-8D11-00A0C91BC942}") = "test_kill_helper", "kill_helper\test_kill_helper.vcproj", "{4759BE23-B0AC-4FF6-AE33-7F638761DB5A}"
EndProject
Global
	GlobalSection(SolutionConfigurationPlatforms) = preSolution
		Debug|Win32 = Debug|Win32
		Release|Win32 = Release|Win32
	EndGlobalSection
	GlobalSection(ProjectConfigurationPlatforms) = postSolution
		{B0587BAB-BC44-4476-8148-D0E94A377E0D}.Debug|Win32.ActiveCfg = Debug|Win32
		{B0587BAB-BC44-4476-8148-D0E94A377E0D}.Debug|Win32.Build.0 = Debug|Win32
		{B0587BAB-BC44-4476-8148-D0E94A377E0D}.Release|Win32.ActiveCfg = Release|Win32
		{B0587BAB-BC44-4476-8148-D0E94A377E0D}.Release|Win32.Build.0 = Release|Win32
		{46130EE3-057F-48CB-A3F9-25D8764429D5}.Debug|Win32.ActiveCfg = Debug|Win32
		{46130EE3-057F-48CB-A3F9-25D8764429D5}.Debug|Win32.Build.0 = Debug|Win32
		{46130EE3-057F-48CB-A3F9-25D8764429D5}.Release|Win32.ActiveCfg = Release|Win32
		{46130EE3-057F-48CB-A3F9-25D8764429D5}.Release|Win32.Build.0 = Release|Win32
		{6139D7CB-C56B-409B-BA50-FAB7E5D3810E}.Debug|Win32.ActiveCfg = Debug|Win32
		{6139D7CB-C56B-409B-BA50-FAB7E5D3810E}.Debug|Win32.Build.0 = Debug|Win32
		{6139D7CB-C56B-409B-BA50-FAB7E5D3810E}.Release|Win32.ActiveCfg = Release|Win32
		{6139D7CB-C56B-409B-BA50-FAB7E5D3810E}.Release|Win32.Build.0 = Release|Win32
		{4759BE23-B0AC-4FF6-AE33-7F638761DB5A}.Debug|Win32.ActiveCfg = Debug|Win32
		{4759BE23-B0AC-4FF6-AE33-7F638761DB5A}.Debug|Win32.Build.0 = Debug|Win32
		{4759BE23-B0AC-4FF6-AE33-7F638761DB5A}.Release|Win32.ActiveCfg = Release|Win32
		{4759BE23-B0AC-4FF6-AE33-7F638761DB5A}.Release|Win32.Build.0 = Release|Win32
	EndGlobalSection
	GlobalSection(SolutionProperties) = preSolution
		HideSolutionNode = FALSE
	EndGlobalSection
EndGlobal
